// !$*UTF8*$!
{
	archiveVersion = 1;
	classes = {
	};
	objectVersion = 56;
	objects = {

/* Begin PBXBuildFile section */
		9103CAE42AE967BD00C0057D /* LoginViewViewModel.swift in Sources */ = {isa = PBXBuildFile; fileRef = 9103CAE32AE967BD00C0057D /* LoginViewViewModel.swift */; };
		9103CAE72AE9740B00C0057D /* TextFieldView.swift in Sources */ = {isa = PBXBuildFile; fileRef = 9103CAE62AE9740B00C0057D /* TextFieldView.swift */; };
		911DBED42AEF35A700632D00 /* ProfilePicView.swift in Sources */ = {isa = PBXBuildFile; fileRef = 911DBED32AEF35A700632D00 /* ProfilePicView.swift */; };
		911DBED62AEF402400632D00 /* ProfilePicker.swift in Sources */ = {isa = PBXBuildFile; fileRef = 911DBED52AEF402400632D00 /* ProfilePicker.swift */; };
		911DBEE92AEF538900632D00 /* Montserrat-ExtraBold.ttf in Resources */ = {isa = PBXBuildFile; fileRef = 911DBED72AEF538800632D00 /* Montserrat-ExtraBold.ttf */; };
		911DBEEA2AEF538900632D00 /* Montserrat-ThinItalic.ttf in Resources */ = {isa = PBXBuildFile; fileRef = 911DBED82AEF538800632D00 /* Montserrat-ThinItalic.ttf */; };
		911DBEEB2AEF538900632D00 /* Montserrat-ExtraLightItalic.ttf in Resources */ = {isa = PBXBuildFile; fileRef = 911DBED92AEF538800632D00 /* Montserrat-ExtraLightItalic.ttf */; };
		911DBEEC2AEF538900632D00 /* Montserrat-Regular.ttf in Resources */ = {isa = PBXBuildFile; fileRef = 911DBEDA2AEF538800632D00 /* Montserrat-Regular.ttf */; };
		911DBEED2AEF538900632D00 /* Montserrat-SemiBold.ttf in Resources */ = {isa = PBXBuildFile; fileRef = 911DBEDB2AEF538800632D00 /* Montserrat-SemiBold.ttf */; };
		911DBEEE2AEF538900632D00 /* Montserrat-Italic.ttf in Resources */ = {isa = PBXBuildFile; fileRef = 911DBEDC2AEF538800632D00 /* Montserrat-Italic.ttf */; };
		911DBEEF2AEF538900632D00 /* Montserrat-ExtraBoldItalic.ttf in Resources */ = {isa = PBXBuildFile; fileRef = 911DBEDD2AEF538800632D00 /* Montserrat-ExtraBoldItalic.ttf */; };
		911DBEF02AEF538900632D00 /* Montserrat-Light.ttf in Resources */ = {isa = PBXBuildFile; fileRef = 911DBEDE2AEF538800632D00 /* Montserrat-Light.ttf */; };
		911DBEF12AEF538900632D00 /* Montserrat-ExtraLight.ttf in Resources */ = {isa = PBXBuildFile; fileRef = 911DBEDF2AEF538900632D00 /* Montserrat-ExtraLight.ttf */; };
		911DBEF22AEF538900632D00 /* Montserrat-BoldItalic.ttf in Resources */ = {isa = PBXBuildFile; fileRef = 911DBEE02AEF538900632D00 /* Montserrat-BoldItalic.ttf */; };
		911DBEF32AEF538900632D00 /* Montserrat-SemiBoldItalic.ttf in Resources */ = {isa = PBXBuildFile; fileRef = 911DBEE12AEF538900632D00 /* Montserrat-SemiBoldItalic.ttf */; };
		911DBEF42AEF538900632D00 /* Montserrat-MediumItalic.ttf in Resources */ = {isa = PBXBuildFile; fileRef = 911DBEE22AEF538900632D00 /* Montserrat-MediumItalic.ttf */; };
		911DBEF52AEF538900632D00 /* Montserrat-Bold.ttf in Resources */ = {isa = PBXBuildFile; fileRef = 911DBEE32AEF538900632D00 /* Montserrat-Bold.ttf */; };
		911DBEF62AEF538900632D00 /* Montserrat-BlackItalic.ttf in Resources */ = {isa = PBXBuildFile; fileRef = 911DBEE42AEF538900632D00 /* Montserrat-BlackItalic.ttf */; };
		911DBEF72AEF538900632D00 /* Montserrat-Thin.ttf in Resources */ = {isa = PBXBuildFile; fileRef = 911DBEE52AEF538900632D00 /* Montserrat-Thin.ttf */; };
		911DBEF82AEF538900632D00 /* Montserrat-Medium.ttf in Resources */ = {isa = PBXBuildFile; fileRef = 911DBEE62AEF538900632D00 /* Montserrat-Medium.ttf */; };
		911DBEF92AEF538900632D00 /* Montserrat-Black.ttf in Resources */ = {isa = PBXBuildFile; fileRef = 911DBEE72AEF538900632D00 /* Montserrat-Black.ttf */; };
		911DBEFA2AEF538900632D00 /* Montserrat-LightItalic.ttf in Resources */ = {isa = PBXBuildFile; fileRef = 911DBEE82AEF538900632D00 /* Montserrat-LightItalic.ttf */; };
		91774C932AE189270078818A /* FontBlaster.swift in Sources */ = {isa = PBXBuildFile; fileRef = 91774C922AE189270078818A /* FontBlaster.swift */; };
		91774C952AE18A2C0078818A /* FontHelper.swift in Sources */ = {isa = PBXBuildFile; fileRef = 91774C942AE18A2C0078818A /* FontHelper.swift */; };
		91B2C1BA2AE7663300F4B222 /* HeaderView.swift in Sources */ = {isa = PBXBuildFile; fileRef = 91B2C1B92AE7663300F4B222 /* HeaderView.swift */; };
		91B2C1BC2AE76BC500F4B222 /* RegisterViewViewModel.swift in Sources */ = {isa = PBXBuildFile; fileRef = 91B2C1BB2AE76BC500F4B222 /* RegisterViewViewModel.swift */; };
		91B2C1BE2AE76DD200F4B222 /* StyledButton.swift in Sources */ = {isa = PBXBuildFile; fileRef = 91B2C1BD2AE76DD200F4B222 /* StyledButton.swift */; };
		91D3CE1D2AE09A2F007A1EB9 /* CaffeineTrackerApp.swift in Sources */ = {isa = PBXBuildFile; fileRef = 91D3CE1C2AE09A2F007A1EB9 /* CaffeineTrackerApp.swift */; };
		91D3CE1F2AE09A2F007A1EB9 /* MainView.swift in Sources */ = {isa = PBXBuildFile; fileRef = 91D3CE1E2AE09A2F007A1EB9 /* MainView.swift */; };
		91D3CE212AE09A30007A1EB9 /* Assets.xcassets in Resources */ = {isa = PBXBuildFile; fileRef = 91D3CE202AE09A30007A1EB9 /* Assets.xcassets */; };
		91D3CE242AE09A30007A1EB9 /* Preview Assets.xcassets in Resources */ = {isa = PBXBuildFile; fileRef = 91D3CE232AE09A30007A1EB9 /* Preview Assets.xcassets */; };
		91D3CE2C2AE09CE5007A1EB9 /* FirebaseAnalytics in Frameworks */ = {isa = PBXBuildFile; productRef = 91D3CE2B2AE09CE5007A1EB9 /* FirebaseAnalytics */; };
		91D3CE2E2AE09CE5007A1EB9 /* FirebaseAnalyticsOnDeviceConversion in Frameworks */ = {isa = PBXBuildFile; productRef = 91D3CE2D2AE09CE5007A1EB9 /* FirebaseAnalyticsOnDeviceConversion */; };
		91D3CE302AE09CE5007A1EB9 /* FirebaseAnalyticsSwift in Frameworks */ = {isa = PBXBuildFile; productRef = 91D3CE2F2AE09CE5007A1EB9 /* FirebaseAnalyticsSwift */; };
		91D3CE322AE09CE5007A1EB9 /* FirebaseAnalyticsWithoutAdIdSupport in Frameworks */ = {isa = PBXBuildFile; productRef = 91D3CE312AE09CE5007A1EB9 /* FirebaseAnalyticsWithoutAdIdSupport */; };
		91D3CE342AE09CE5007A1EB9 /* FirebaseAppCheck in Frameworks */ = {isa = PBXBuildFile; productRef = 91D3CE332AE09CE5007A1EB9 /* FirebaseAppCheck */; };
		91D3CE362AE09CE5007A1EB9 /* FirebaseAppDistribution-Beta in Frameworks */ = {isa = PBXBuildFile; productRef = 91D3CE352AE09CE5007A1EB9 /* FirebaseAppDistribution-Beta */; };
		91D3CE382AE09CE5007A1EB9 /* FirebaseAuth in Frameworks */ = {isa = PBXBuildFile; productRef = 91D3CE372AE09CE5007A1EB9 /* FirebaseAuth */; };
		91D3CE3A2AE09CE5007A1EB9 /* FirebaseAuthCombine-Community in Frameworks */ = {isa = PBXBuildFile; productRef = 91D3CE392AE09CE5007A1EB9 /* FirebaseAuthCombine-Community */; };
		91D3CE3C2AE09CE5007A1EB9 /* FirebaseCrashlytics in Frameworks */ = {isa = PBXBuildFile; productRef = 91D3CE3B2AE09CE5007A1EB9 /* FirebaseCrashlytics */; };
		91D3CE3E2AE09CE5007A1EB9 /* FirebaseDatabase in Frameworks */ = {isa = PBXBuildFile; productRef = 91D3CE3D2AE09CE5007A1EB9 /* FirebaseDatabase */; };
		91D3CE402AE09CE5007A1EB9 /* FirebaseDatabaseSwift in Frameworks */ = {isa = PBXBuildFile; productRef = 91D3CE3F2AE09CE5007A1EB9 /* FirebaseDatabaseSwift */; };
		91D3CE422AE09CE5007A1EB9 /* FirebaseDynamicLinks in Frameworks */ = {isa = PBXBuildFile; productRef = 91D3CE412AE09CE5007A1EB9 /* FirebaseDynamicLinks */; };
		91D3CE442AE09CE5007A1EB9 /* FirebaseFirestore in Frameworks */ = {isa = PBXBuildFile; productRef = 91D3CE432AE09CE5007A1EB9 /* FirebaseFirestore */; };
		91D3CE462AE09CE5007A1EB9 /* FirebaseFirestoreCombine-Community in Frameworks */ = {isa = PBXBuildFile; productRef = 91D3CE452AE09CE5007A1EB9 /* FirebaseFirestoreCombine-Community */; };
		91D3CE482AE09CE5007A1EB9 /* FirebaseFirestoreSwift in Frameworks */ = {isa = PBXBuildFile; productRef = 91D3CE472AE09CE5007A1EB9 /* FirebaseFirestoreSwift */; };
		91D3CE4A2AE09CE5007A1EB9 /* FirebaseFunctions in Frameworks */ = {isa = PBXBuildFile; productRef = 91D3CE492AE09CE5007A1EB9 /* FirebaseFunctions */; };
		91D3CE4C2AE09CE5007A1EB9 /* FirebaseFunctionsCombine-Community in Frameworks */ = {isa = PBXBuildFile; productRef = 91D3CE4B2AE09CE5007A1EB9 /* FirebaseFunctionsCombine-Community */; };
		91D3CE4E2AE09CE5007A1EB9 /* FirebaseInAppMessaging-Beta in Frameworks */ = {isa = PBXBuildFile; productRef = 91D3CE4D2AE09CE5007A1EB9 /* FirebaseInAppMessaging-Beta */; };
		91D3CE502AE09CE5007A1EB9 /* FirebaseInAppMessagingSwift-Beta in Frameworks */ = {isa = PBXBuildFile; productRef = 91D3CE4F2AE09CE5007A1EB9 /* FirebaseInAppMessagingSwift-Beta */; };
		91D3CE522AE09CE5007A1EB9 /* FirebaseInstallations in Frameworks */ = {isa = PBXBuildFile; productRef = 91D3CE512AE09CE5007A1EB9 /* FirebaseInstallations */; };
		91D3CE542AE09CE5007A1EB9 /* FirebaseMLModelDownloader in Frameworks */ = {isa = PBXBuildFile; productRef = 91D3CE532AE09CE5007A1EB9 /* FirebaseMLModelDownloader */; };
		91D3CE562AE09CE5007A1EB9 /* FirebaseMessaging in Frameworks */ = {isa = PBXBuildFile; productRef = 91D3CE552AE09CE5007A1EB9 /* FirebaseMessaging */; };
		91D3CE582AE09CE5007A1EB9 /* FirebasePerformance in Frameworks */ = {isa = PBXBuildFile; productRef = 91D3CE572AE09CE5007A1EB9 /* FirebasePerformance */; };
		91D3CE5A2AE09CE5007A1EB9 /* FirebaseRemoteConfig in Frameworks */ = {isa = PBXBuildFile; productRef = 91D3CE592AE09CE5007A1EB9 /* FirebaseRemoteConfig */; };
		91D3CE5C2AE09CE5007A1EB9 /* FirebaseRemoteConfigSwift in Frameworks */ = {isa = PBXBuildFile; productRef = 91D3CE5B2AE09CE5007A1EB9 /* FirebaseRemoteConfigSwift */; };
		91D3CE5E2AE09CE5007A1EB9 /* FirebaseStorage in Frameworks */ = {isa = PBXBuildFile; productRef = 91D3CE5D2AE09CE5007A1EB9 /* FirebaseStorage */; };
		91D3CE602AE09CE5007A1EB9 /* FirebaseStorageCombine-Community in Frameworks */ = {isa = PBXBuildFile; productRef = 91D3CE5F2AE09CE5007A1EB9 /* FirebaseStorageCombine-Community */; };
		91D3CE622AE09E5E007A1EB9 /* GoogleService-Info.plist in Resources */ = {isa = PBXBuildFile; fileRef = 91D3CE612AE09E5D007A1EB9 /* GoogleService-Info.plist */; };
		91D3CE692AE0A593007A1EB9 /* ProfileView.swift in Sources */ = {isa = PBXBuildFile; fileRef = 91D3CE682AE0A593007A1EB9 /* ProfileView.swift */; };
		91D3CE6B2AE0A5B2007A1EB9 /* SummaryView.swift in Sources */ = {isa = PBXBuildFile; fileRef = 91D3CE6A2AE0A5B2007A1EB9 /* SummaryView.swift */; };
		91D3CE6D2AE0A5C6007A1EB9 /* CaldendarView.swift in Sources */ = {isa = PBXBuildFile; fileRef = 91D3CE6C2AE0A5C6007A1EB9 /* CaldendarView.swift */; };
		91D3CE6F2AE0A609007A1EB9 /* JournalView.swift in Sources */ = {isa = PBXBuildFile; fileRef = 91D3CE6E2AE0A609007A1EB9 /* JournalView.swift */; };
		91D3CE712AE0A636007A1EB9 /* JournalItemView.swift in Sources */ = {isa = PBXBuildFile; fileRef = 91D3CE702AE0A636007A1EB9 /* JournalItemView.swift */; };
		91D3CE732AE0A657007A1EB9 /* NewJournalItemView.swift in Sources */ = {isa = PBXBuildFile; fileRef = 91D3CE722AE0A657007A1EB9 /* NewJournalItemView.swift */; };
		91D3CE752AE0A670007A1EB9 /* DrinkListView.swift in Sources */ = {isa = PBXBuildFile; fileRef = 91D3CE742AE0A670007A1EB9 /* DrinkListView.swift */; };
		91D3CE772AE0A691007A1EB9 /* DrinkListItemView.swift in Sources */ = {isa = PBXBuildFile; fileRef = 91D3CE762AE0A691007A1EB9 /* DrinkListItemView.swift */; };
		91D3CE792AE0A6D8007A1EB9 /* LoginView.swift in Sources */ = {isa = PBXBuildFile; fileRef = 91D3CE782AE0A6D8007A1EB9 /* LoginView.swift */; };
		91D3CE7B2AE0A6E8007A1EB9 /* RegisterView.swift in Sources */ = {isa = PBXBuildFile; fileRef = 91D3CE7A2AE0A6E8007A1EB9 /* RegisterView.swift */; };
		91D3CE7D2AE0A712007A1EB9 /* NewDrinkItemView.swift in Sources */ = {isa = PBXBuildFile; fileRef = 91D3CE7C2AE0A712007A1EB9 /* NewDrinkItemView.swift */; };
		91D3CE7F2AE0A73D007A1EB9 /* WelcomeView.swift in Sources */ = {isa = PBXBuildFile; fileRef = 91D3CE7E2AE0A73D007A1EB9 /* WelcomeView.swift */; };
		91D3CE812AE0A7BA007A1EB9 /* User.swift in Sources */ = {isa = PBXBuildFile; fileRef = 91D3CE802AE0A7BA007A1EB9 /* User.swift */; };
		91D3CE832AE0A7CB007A1EB9 /* DrinkItem.swift in Sources */ = {isa = PBXBuildFile; fileRef = 91D3CE822AE0A7CB007A1EB9 /* DrinkItem.swift */; };
		91D3CE852AE0A7F2007A1EB9 /* JournalItem.swift in Sources */ = {isa = PBXBuildFile; fileRef = 91D3CE842AE0A7F2007A1EB9 /* JournalItem.swift */; };
		91D3CE872AE0A817007A1EB9 /* MainViewViewModel.swift in Sources */ = {isa = PBXBuildFile; fileRef = 91D3CE862AE0A817007A1EB9 /* MainViewViewModel.swift */; };
		91D3CE892AE0A824007A1EB9 /* ProfileViewViewModel.swift in Sources */ = {isa = PBXBuildFile; fileRef = 91D3CE882AE0A824007A1EB9 /* ProfileViewViewModel.swift */; };
		91D3CE8B2AE0A830007A1EB9 /* SummaryViewViewModel.swift in Sources */ = {isa = PBXBuildFile; fileRef = 91D3CE8A2AE0A830007A1EB9 /* SummaryViewViewModel.swift */; };
		91D3CE8D2AE0A847007A1EB9 /* DrinkListViewViewModel.swift in Sources */ = {isa = PBXBuildFile; fileRef = 91D3CE8C2AE0A847007A1EB9 /* DrinkListViewViewModel.swift */; };
		91D3CE8F2AE0A85D007A1EB9 /* DrinkListItemViewViewModel.swift in Sources */ = {isa = PBXBuildFile; fileRef = 91D3CE8E2AE0A85D007A1EB9 /* DrinkListItemViewViewModel.swift */; };
		91D3CE912AE0A870007A1EB9 /* NewDrinkItemViewViewModel.swift in Sources */ = {isa = PBXBuildFile; fileRef = 91D3CE902AE0A870007A1EB9 /* NewDrinkItemViewViewModel.swift */; };
		91D3CE932AE0A87F007A1EB9 /* CalendarViewViewModel.swift in Sources */ = {isa = PBXBuildFile; fileRef = 91D3CE922AE0A87F007A1EB9 /* CalendarViewViewModel.swift */; };
/* End PBXBuildFile section */

/* Begin PBXFileReference section */
		9103CAE32AE967BD00C0057D /* LoginViewViewModel.swift */ = {isa = PBXFileReference; lastKnownFileType = sourcecode.swift; path = LoginViewViewModel.swift; sourceTree = "<group>"; };
		9103CAE62AE9740B00C0057D /* TextFieldView.swift */ = {isa = PBXFileReference; lastKnownFileType = sourcecode.swift; path = TextFieldView.swift; sourceTree = "<group>"; };
		911DBED32AEF35A700632D00 /* ProfilePicView.swift */ = {isa = PBXFileReference; lastKnownFileType = sourcecode.swift; path = ProfilePicView.swift; sourceTree = "<group>"; };
		911DBED52AEF402400632D00 /* ProfilePicker.swift */ = {isa = PBXFileReference; lastKnownFileType = sourcecode.swift; path = ProfilePicker.swift; sourceTree = "<group>"; };
		911DBED72AEF538800632D00 /* Montserrat-ExtraBold.ttf */ = {isa = PBXFileReference; lastKnownFileType = file; path = "Montserrat-ExtraBold.ttf"; sourceTree = "<group>"; };
		911DBED82AEF538800632D00 /* Montserrat-ThinItalic.ttf */ = {isa = PBXFileReference; lastKnownFileType = file; path = "Montserrat-ThinItalic.ttf"; sourceTree = "<group>"; };
		911DBED92AEF538800632D00 /* Montserrat-ExtraLightItalic.ttf */ = {isa = PBXFileReference; lastKnownFileType = file; path = "Montserrat-ExtraLightItalic.ttf"; sourceTree = "<group>"; };
		911DBEDA2AEF538800632D00 /* Montserrat-Regular.ttf */ = {isa = PBXFileReference; lastKnownFileType = file; path = "Montserrat-Regular.ttf"; sourceTree = "<group>"; };
		911DBEDB2AEF538800632D00 /* Montserrat-SemiBold.ttf */ = {isa = PBXFileReference; lastKnownFileType = file; path = "Montserrat-SemiBold.ttf"; sourceTree = "<group>"; };
		911DBEDC2AEF538800632D00 /* Montserrat-Italic.ttf */ = {isa = PBXFileReference; lastKnownFileType = file; path = "Montserrat-Italic.ttf"; sourceTree = "<group>"; };
		911DBEDD2AEF538800632D00 /* Montserrat-ExtraBoldItalic.ttf */ = {isa = PBXFileReference; lastKnownFileType = file; path = "Montserrat-ExtraBoldItalic.ttf"; sourceTree = "<group>"; };
		911DBEDE2AEF538800632D00 /* Montserrat-Light.ttf */ = {isa = PBXFileReference; lastKnownFileType = file; path = "Montserrat-Light.ttf"; sourceTree = "<group>"; };
		911DBEDF2AEF538900632D00 /* Montserrat-ExtraLight.ttf */ = {isa = PBXFileReference; lastKnownFileType = file; path = "Montserrat-ExtraLight.ttf"; sourceTree = "<group>"; };
		911DBEE02AEF538900632D00 /* Montserrat-BoldItalic.ttf */ = {isa = PBXFileReference; lastKnownFileType = file; path = "Montserrat-BoldItalic.ttf"; sourceTree = "<group>"; };
		911DBEE12AEF538900632D00 /* Montserrat-SemiBoldItalic.ttf */ = {isa = PBXFileReference; lastKnownFileType = file; path = "Montserrat-SemiBoldItalic.ttf"; sourceTree = "<group>"; };
		911DBEE22AEF538900632D00 /* Montserrat-MediumItalic.ttf */ = {isa = PBXFileReference; lastKnownFileType = file; path = "Montserrat-MediumItalic.ttf"; sourceTree = "<group>"; };
		911DBEE32AEF538900632D00 /* Montserrat-Bold.ttf */ = {isa = PBXFileReference; lastKnownFileType = file; path = "Montserrat-Bold.ttf"; sourceTree = "<group>"; };
		911DBEE42AEF538900632D00 /* Montserrat-BlackItalic.ttf */ = {isa = PBXFileReference; lastKnownFileType = file; path = "Montserrat-BlackItalic.ttf"; sourceTree = "<group>"; };
		911DBEE52AEF538900632D00 /* Montserrat-Thin.ttf */ = {isa = PBXFileReference; lastKnownFileType = file; path = "Montserrat-Thin.ttf"; sourceTree = "<group>"; };
		911DBEE62AEF538900632D00 /* Montserrat-Medium.ttf */ = {isa = PBXFileReference; lastKnownFileType = file; path = "Montserrat-Medium.ttf"; sourceTree = "<group>"; };
		911DBEE72AEF538900632D00 /* Montserrat-Black.ttf */ = {isa = PBXFileReference; lastKnownFileType = file; path = "Montserrat-Black.ttf"; sourceTree = "<group>"; };
		911DBEE82AEF538900632D00 /* Montserrat-LightItalic.ttf */ = {isa = PBXFileReference; lastKnownFileType = file; path = "Montserrat-LightItalic.ttf"; sourceTree = "<group>"; };
		91774C912AE1826D0078818A /* Info.plist */ = {isa = PBXFileReference; lastKnownFileType = text.plist; path = Info.plist; sourceTree = "<group>"; };
		91774C922AE189270078818A /* FontBlaster.swift */ = {isa = PBXFileReference; fileEncoding = 4; lastKnownFileType = sourcecode.swift; path = FontBlaster.swift; sourceTree = "<group>"; };
		91774C942AE18A2C0078818A /* FontHelper.swift */ = {isa = PBXFileReference; lastKnownFileType = sourcecode.swift; path = FontHelper.swift; sourceTree = "<group>"; };
		91B2C1B92AE7663300F4B222 /* HeaderView.swift */ = {isa = PBXFileReference; lastKnownFileType = sourcecode.swift; path = HeaderView.swift; sourceTree = "<group>"; };
		91B2C1BB2AE76BC500F4B222 /* RegisterViewViewModel.swift */ = {isa = PBXFileReference; lastKnownFileType = sourcecode.swift; path = RegisterViewViewModel.swift; sourceTree = "<group>"; };
		91B2C1BD2AE76DD200F4B222 /* StyledButton.swift */ = {isa = PBXFileReference; lastKnownFileType = sourcecode.swift; path = StyledButton.swift; sourceTree = "<group>"; };
		91D3CE192AE09A2F007A1EB9 /* CaffeineTracker.app */ = {isa = PBXFileReference; explicitFileType = wrapper.application; includeInIndex = 0; path = CaffeineTracker.app; sourceTree = BUILT_PRODUCTS_DIR; };
		91D3CE1C2AE09A2F007A1EB9 /* CaffeineTrackerApp.swift */ = {isa = PBXFileReference; lastKnownFileType = sourcecode.swift; path = CaffeineTrackerApp.swift; sourceTree = "<group>"; };
		91D3CE1E2AE09A2F007A1EB9 /* MainView.swift */ = {isa = PBXFileReference; lastKnownFileType = sourcecode.swift; path = MainView.swift; sourceTree = "<group>"; };
		91D3CE202AE09A30007A1EB9 /* Assets.xcassets */ = {isa = PBXFileReference; lastKnownFileType = folder.assetcatalog; path = Assets.xcassets; sourceTree = "<group>"; };
		91D3CE232AE09A30007A1EB9 /* Preview Assets.xcassets */ = {isa = PBXFileReference; lastKnownFileType = folder.assetcatalog; path = "Preview Assets.xcassets"; sourceTree = "<group>"; };
		91D3CE612AE09E5D007A1EB9 /* GoogleService-Info.plist */ = {isa = PBXFileReference; fileEncoding = 4; lastKnownFileType = text.plist.xml; path = "GoogleService-Info.plist"; sourceTree = "<group>"; };
		91D3CE682AE0A593007A1EB9 /* ProfileView.swift */ = {isa = PBXFileReference; lastKnownFileType = sourcecode.swift; path = ProfileView.swift; sourceTree = "<group>"; };
		91D3CE6A2AE0A5B2007A1EB9 /* SummaryView.swift */ = {isa = PBXFileReference; lastKnownFileType = sourcecode.swift; path = SummaryView.swift; sourceTree = "<group>"; };
		91D3CE6C2AE0A5C6007A1EB9 /* CaldendarView.swift */ = {isa = PBXFileReference; lastKnownFileType = sourcecode.swift; path = CaldendarView.swift; sourceTree = "<group>"; };
		91D3CE6E2AE0A609007A1EB9 /* JournalView.swift */ = {isa = PBXFileReference; lastKnownFileType = sourcecode.swift; path = JournalView.swift; sourceTree = "<group>"; };
		91D3CE702AE0A636007A1EB9 /* JournalItemView.swift */ = {isa = PBXFileReference; lastKnownFileType = sourcecode.swift; path = JournalItemView.swift; sourceTree = "<group>"; };
		91D3CE722AE0A657007A1EB9 /* NewJournalItemView.swift */ = {isa = PBXFileReference; lastKnownFileType = sourcecode.swift; path = NewJournalItemView.swift; sourceTree = "<group>"; };
		91D3CE742AE0A670007A1EB9 /* DrinkListView.swift */ = {isa = PBXFileReference; lastKnownFileType = sourcecode.swift; path = DrinkListView.swift; sourceTree = "<group>"; };
		91D3CE762AE0A691007A1EB9 /* DrinkListItemView.swift */ = {isa = PBXFileReference; lastKnownFileType = sourcecode.swift; path = DrinkListItemView.swift; sourceTree = "<group>"; };
		91D3CE782AE0A6D8007A1EB9 /* LoginView.swift */ = {isa = PBXFileReference; lastKnownFileType = sourcecode.swift; path = LoginView.swift; sourceTree = "<group>"; };
		91D3CE7A2AE0A6E8007A1EB9 /* RegisterView.swift */ = {isa = PBXFileReference; lastKnownFileType = sourcecode.swift; path = RegisterView.swift; sourceTree = "<group>"; };
		91D3CE7C2AE0A712007A1EB9 /* NewDrinkItemView.swift */ = {isa = PBXFileReference; lastKnownFileType = sourcecode.swift; path = NewDrinkItemView.swift; sourceTree = "<group>"; };
		91D3CE7E2AE0A73D007A1EB9 /* WelcomeView.swift */ = {isa = PBXFileReference; lastKnownFileType = sourcecode.swift; path = WelcomeView.swift; sourceTree = "<group>"; };
		91D3CE802AE0A7BA007A1EB9 /* User.swift */ = {isa = PBXFileReference; lastKnownFileType = sourcecode.swift; path = User.swift; sourceTree = "<group>"; };
		91D3CE822AE0A7CB007A1EB9 /* DrinkItem.swift */ = {isa = PBXFileReference; lastKnownFileType = sourcecode.swift; path = DrinkItem.swift; sourceTree = "<group>"; };
		91D3CE842AE0A7F2007A1EB9 /* JournalItem.swift */ = {isa = PBXFileReference; lastKnownFileType = sourcecode.swift; path = JournalItem.swift; sourceTree = "<group>"; };
		91D3CE862AE0A817007A1EB9 /* MainViewViewModel.swift */ = {isa = PBXFileReference; lastKnownFileType = sourcecode.swift; path = MainViewViewModel.swift; sourceTree = "<group>"; };
		91D3CE882AE0A824007A1EB9 /* ProfileViewViewModel.swift */ = {isa = PBXFileReference; lastKnownFileType = sourcecode.swift; path = ProfileViewViewModel.swift; sourceTree = "<group>"; };
		91D3CE8A2AE0A830007A1EB9 /* SummaryViewViewModel.swift */ = {isa = PBXFileReference; lastKnownFileType = sourcecode.swift; path = SummaryViewViewModel.swift; sourceTree = "<group>"; };
		91D3CE8C2AE0A847007A1EB9 /* DrinkListViewViewModel.swift */ = {isa = PBXFileReference; lastKnownFileType = sourcecode.swift; path = DrinkListViewViewModel.swift; sourceTree = "<group>"; };
		91D3CE8E2AE0A85D007A1EB9 /* DrinkListItemViewViewModel.swift */ = {isa = PBXFileReference; lastKnownFileType = sourcecode.swift; path = DrinkListItemViewViewModel.swift; sourceTree = "<group>"; };
		91D3CE902AE0A870007A1EB9 /* NewDrinkItemViewViewModel.swift */ = {isa = PBXFileReference; lastKnownFileType = sourcecode.swift; path = NewDrinkItemViewViewModel.swift; sourceTree = "<group>"; };
		91D3CE922AE0A87F007A1EB9 /* CalendarViewViewModel.swift */ = {isa = PBXFileReference; lastKnownFileType = sourcecode.swift; path = CalendarViewViewModel.swift; sourceTree = "<group>"; };
/* End PBXFileReference section */

/* Begin PBXFrameworksBuildPhase section */
		91D3CE162AE09A2F007A1EB9 /* Frameworks */ = {
			isa = PBXFrameworksBuildPhase;
			buildActionMask = 2147483647;
			files = (
				91D3CE3E2AE09CE5007A1EB9 /* FirebaseDatabase in Frameworks */,
				91D3CE4C2AE09CE5007A1EB9 /* FirebaseFunctionsCombine-Community in Frameworks */,
				91D3CE442AE09CE5007A1EB9 /* FirebaseFirestore in Frameworks */,
				91D3CE302AE09CE5007A1EB9 /* FirebaseAnalyticsSwift in Frameworks */,
				91D3CE2C2AE09CE5007A1EB9 /* FirebaseAnalytics in Frameworks */,
				91D3CE2E2AE09CE5007A1EB9 /* FirebaseAnalyticsOnDeviceConversion in Frameworks */,
				91D3CE542AE09CE5007A1EB9 /* FirebaseMLModelDownloader in Frameworks */,
				91D3CE482AE09CE5007A1EB9 /* FirebaseFirestoreSwift in Frameworks */,
				91D3CE342AE09CE5007A1EB9 /* FirebaseAppCheck in Frameworks */,
				91D3CE322AE09CE5007A1EB9 /* FirebaseAnalyticsWithoutAdIdSupport in Frameworks */,
				91D3CE382AE09CE5007A1EB9 /* FirebaseAuth in Frameworks */,
				91D3CE3C2AE09CE5007A1EB9 /* FirebaseCrashlytics in Frameworks */,
				91D3CE5C2AE09CE5007A1EB9 /* FirebaseRemoteConfigSwift in Frameworks */,
				91D3CE4E2AE09CE5007A1EB9 /* FirebaseInAppMessaging-Beta in Frameworks */,
				91D3CE402AE09CE5007A1EB9 /* FirebaseDatabaseSwift in Frameworks */,
				91D3CE4A2AE09CE5007A1EB9 /* FirebaseFunctions in Frameworks */,
				91D3CE602AE09CE5007A1EB9 /* FirebaseStorageCombine-Community in Frameworks */,
				91D3CE5A2AE09CE5007A1EB9 /* FirebaseRemoteConfig in Frameworks */,
				91D3CE362AE09CE5007A1EB9 /* FirebaseAppDistribution-Beta in Frameworks */,
				91D3CE3A2AE09CE5007A1EB9 /* FirebaseAuthCombine-Community in Frameworks */,
				91D3CE582AE09CE5007A1EB9 /* FirebasePerformance in Frameworks */,
				91D3CE502AE09CE5007A1EB9 /* FirebaseInAppMessagingSwift-Beta in Frameworks */,
				91D3CE5E2AE09CE5007A1EB9 /* FirebaseStorage in Frameworks */,
				91D3CE422AE09CE5007A1EB9 /* FirebaseDynamicLinks in Frameworks */,
				91D3CE462AE09CE5007A1EB9 /* FirebaseFirestoreCombine-Community in Frameworks */,
				91D3CE562AE09CE5007A1EB9 /* FirebaseMessaging in Frameworks */,
				91D3CE522AE09CE5007A1EB9 /* FirebaseInstallations in Frameworks */,
			);
			runOnlyForDeploymentPostprocessing = 0;
		};
/* End PBXFrameworksBuildPhase section */

/* Begin PBXGroup section */
		9103CAE52AE973E400C0057D /* ViewComponents */ = {
			isa = PBXGroup;
			children = (
				91B2C1B92AE7663300F4B222 /* HeaderView.swift */,
				91B2C1BD2AE76DD200F4B222 /* StyledButton.swift */,
				911DBED32AEF35A700632D00 /* ProfilePicView.swift */,
				9103CAE62AE9740B00C0057D /* TextFieldView.swift */,
			);
			path = ViewComponents;
			sourceTree = "<group>";
		};
		91774C6C2AE17E0A0078818A /* Fonts */ = {
			isa = PBXGroup;
			children = (
				911DBEE72AEF538900632D00 /* Montserrat-Black.ttf */,
				911DBEE42AEF538900632D00 /* Montserrat-BlackItalic.ttf */,
				911DBEE32AEF538900632D00 /* Montserrat-Bold.ttf */,
				911DBEE02AEF538900632D00 /* Montserrat-BoldItalic.ttf */,
				911DBED72AEF538800632D00 /* Montserrat-ExtraBold.ttf */,
				911DBEDD2AEF538800632D00 /* Montserrat-ExtraBoldItalic.ttf */,
				911DBEDF2AEF538900632D00 /* Montserrat-ExtraLight.ttf */,
				911DBED92AEF538800632D00 /* Montserrat-ExtraLightItalic.ttf */,
				911DBEDC2AEF538800632D00 /* Montserrat-Italic.ttf */,
				911DBEDE2AEF538800632D00 /* Montserrat-Light.ttf */,
				911DBEE82AEF538900632D00 /* Montserrat-LightItalic.ttf */,
				911DBEE62AEF538900632D00 /* Montserrat-Medium.ttf */,
				911DBEE22AEF538900632D00 /* Montserrat-MediumItalic.ttf */,
				911DBEDA2AEF538800632D00 /* Montserrat-Regular.ttf */,
				911DBEDB2AEF538800632D00 /* Montserrat-SemiBold.ttf */,
				911DBEE12AEF538900632D00 /* Montserrat-SemiBoldItalic.ttf */,
				911DBEE52AEF538900632D00 /* Montserrat-Thin.ttf */,
				911DBED82AEF538800632D00 /* Montserrat-ThinItalic.ttf */,
			);
			path = Fonts;
			sourceTree = "<group>";
		};
		91D3CE102AE09A2F007A1EB9 = {
			isa = PBXGroup;
			children = (
				91D3CE1B2AE09A2F007A1EB9 /* CaffeineTracker */,
				91D3CE1A2AE09A2F007A1EB9 /* Products */,
			);
			sourceTree = "<group>";
		};
		91D3CE1A2AE09A2F007A1EB9 /* Products */ = {
			isa = PBXGroup;
			children = (
				91D3CE192AE09A2F007A1EB9 /* CaffeineTracker.app */,
			);
			name = Products;
			sourceTree = "<group>";
		};
		91D3CE1B2AE09A2F007A1EB9 /* CaffeineTracker */ = {
			isa = PBXGroup;
			children = (
				91774C912AE1826D0078818A /* Info.plist */,
				91774C6C2AE17E0A0078818A /* Fonts */,
				91D3CE662AE0A441007A1EB9 /* Others */,
				91D3CE652AE0A41C007A1EB9 /* Models */,
				91D3CE642AE0A3FF007A1EB9 /* ViewModels */,
				91D3CE632AE0A3F3007A1EB9 /* Views */,
				91D3CE222AE09A30007A1EB9 /* Preview Content */,
			);
			path = CaffeineTracker;
			sourceTree = "<group>";
		};
		91D3CE222AE09A30007A1EB9 /* Preview Content */ = {
			isa = PBXGroup;
			children = (
				91D3CE232AE09A30007A1EB9 /* Preview Assets.xcassets */,
			);
			path = "Preview Content";
			sourceTree = "<group>";
		};
		91D3CE632AE0A3F3007A1EB9 /* Views */ = {
			isa = PBXGroup;
			children = (
				91D3CE1E2AE09A2F007A1EB9 /* MainView.swift */,
				91D3CE682AE0A593007A1EB9 /* ProfileView.swift */,
				91D3CE6A2AE0A5B2007A1EB9 /* SummaryView.swift */,
				91D3CE742AE0A670007A1EB9 /* DrinkListView.swift */,
				91D3CE762AE0A691007A1EB9 /* DrinkListItemView.swift */,
				91D3CE7C2AE0A712007A1EB9 /* NewDrinkItemView.swift */,
				91D3CE6C2AE0A5C6007A1EB9 /* CaldendarView.swift */,
				91D3CE6E2AE0A609007A1EB9 /* JournalView.swift */,
				91D3CE702AE0A636007A1EB9 /* JournalItemView.swift */,
				91D3CE722AE0A657007A1EB9 /* NewJournalItemView.swift */,
				91D3CE7E2AE0A73D007A1EB9 /* WelcomeView.swift */,
				91D3CE782AE0A6D8007A1EB9 /* LoginView.swift */,
				91D3CE7A2AE0A6E8007A1EB9 /* RegisterView.swift */,
				911DBED52AEF402400632D00 /* ProfilePicker.swift */,
				9103CAE52AE973E400C0057D /* ViewComponents */,
			);
			path = Views;
			sourceTree = "<group>";
		};
		91D3CE642AE0A3FF007A1EB9 /* ViewModels */ = {
			isa = PBXGroup;
			children = (
				91D3CE862AE0A817007A1EB9 /* MainViewViewModel.swift */,
				91D3CE882AE0A824007A1EB9 /* ProfileViewViewModel.swift */,
				91D3CE8A2AE0A830007A1EB9 /* SummaryViewViewModel.swift */,
				91D3CE8C2AE0A847007A1EB9 /* DrinkListViewViewModel.swift */,
				91D3CE8E2AE0A85D007A1EB9 /* DrinkListItemViewViewModel.swift */,
				91D3CE902AE0A870007A1EB9 /* NewDrinkItemViewViewModel.swift */,
				91D3CE922AE0A87F007A1EB9 /* CalendarViewViewModel.swift */,
				91B2C1BB2AE76BC500F4B222 /* RegisterViewViewModel.swift */,
				9103CAE32AE967BD00C0057D /* LoginViewViewModel.swift */,
			);
			path = ViewModels;
			sourceTree = "<group>";
		};
		91D3CE652AE0A41C007A1EB9 /* Models */ = {
			isa = PBXGroup;
			children = (
				91D3CE802AE0A7BA007A1EB9 /* User.swift */,
				91D3CE822AE0A7CB007A1EB9 /* DrinkItem.swift */,
				91D3CE842AE0A7F2007A1EB9 /* JournalItem.swift */,
			);
			path = Models;
			sourceTree = "<group>";
		};
		91D3CE662AE0A441007A1EB9 /* Others */ = {
			isa = PBXGroup;
			children = (
				91774C922AE189270078818A /* FontBlaster.swift */,
				91D3CE202AE09A30007A1EB9 /* Assets.xcassets */,
				91D3CE612AE09E5D007A1EB9 /* GoogleService-Info.plist */,
				91D3CE1C2AE09A2F007A1EB9 /* CaffeineTrackerApp.swift */,
				91774C942AE18A2C0078818A /* FontHelper.swift */,
			);
			path = Others;
			sourceTree = "<group>";
		};
/* End PBXGroup section */

/* Begin PBXNativeTarget section */
		91D3CE182AE09A2F007A1EB9 /* CaffeineTracker */ = {
			isa = PBXNativeTarget;
			buildConfigurationList = 91D3CE272AE09A30007A1EB9 /* Build configuration list for PBXNativeTarget "CaffeineTracker" */;
			buildPhases = (
				91D3CE152AE09A2F007A1EB9 /* Sources */,
				91D3CE162AE09A2F007A1EB9 /* Frameworks */,
				91D3CE172AE09A2F007A1EB9 /* Resources */,
			);
			buildRules = (
			);
			dependencies = (
			);
			name = CaffeineTracker;
			packageProductDependencies = (
				91D3CE2B2AE09CE5007A1EB9 /* FirebaseAnalytics */,
				91D3CE2D2AE09CE5007A1EB9 /* FirebaseAnalyticsOnDeviceConversion */,
				91D3CE2F2AE09CE5007A1EB9 /* FirebaseAnalyticsSwift */,
				91D3CE312AE09CE5007A1EB9 /* FirebaseAnalyticsWithoutAdIdSupport */,
				91D3CE332AE09CE5007A1EB9 /* FirebaseAppCheck */,
				91D3CE352AE09CE5007A1EB9 /* FirebaseAppDistribution-Beta */,
				91D3CE372AE09CE5007A1EB9 /* FirebaseAuth */,
				91D3CE392AE09CE5007A1EB9 /* FirebaseAuthCombine-Community */,
				91D3CE3B2AE09CE5007A1EB9 /* FirebaseCrashlytics */,
				91D3CE3D2AE09CE5007A1EB9 /* FirebaseDatabase */,
				91D3CE3F2AE09CE5007A1EB9 /* FirebaseDatabaseSwift */,
				91D3CE412AE09CE5007A1EB9 /* FirebaseDynamicLinks */,
				91D3CE432AE09CE5007A1EB9 /* FirebaseFirestore */,
				91D3CE452AE09CE5007A1EB9 /* FirebaseFirestoreCombine-Community */,
				91D3CE472AE09CE5007A1EB9 /* FirebaseFirestoreSwift */,
				91D3CE492AE09CE5007A1EB9 /* FirebaseFunctions */,
				91D3CE4B2AE09CE5007A1EB9 /* FirebaseFunctionsCombine-Community */,
				91D3CE4D2AE09CE5007A1EB9 /* FirebaseInAppMessaging-Beta */,
				91D3CE4F2AE09CE5007A1EB9 /* FirebaseInAppMessagingSwift-Beta */,
				91D3CE512AE09CE5007A1EB9 /* FirebaseInstallations */,
				91D3CE532AE09CE5007A1EB9 /* FirebaseMLModelDownloader */,
				91D3CE552AE09CE5007A1EB9 /* FirebaseMessaging */,
				91D3CE572AE09CE5007A1EB9 /* FirebasePerformance */,
				91D3CE592AE09CE5007A1EB9 /* FirebaseRemoteConfig */,
				91D3CE5B2AE09CE5007A1EB9 /* FirebaseRemoteConfigSwift */,
				91D3CE5D2AE09CE5007A1EB9 /* FirebaseStorage */,
				91D3CE5F2AE09CE5007A1EB9 /* FirebaseStorageCombine-Community */,
			);
			productName = CaffeineTracker;
			productReference = 91D3CE192AE09A2F007A1EB9 /* CaffeineTracker.app */;
			productType = "com.apple.product-type.application";
		};
/* End PBXNativeTarget section */

/* Begin PBXProject section */
		91D3CE112AE09A2F007A1EB9 /* Project object */ = {
			isa = PBXProject;
			attributes = {
				BuildIndependentTargetsInParallel = 1;
				LastSwiftUpdateCheck = 1500;
				LastUpgradeCheck = 1500;
				TargetAttributes = {
					91D3CE182AE09A2F007A1EB9 = {
						CreatedOnToolsVersion = 15.0;
					};
				};
			};
			buildConfigurationList = 91D3CE142AE09A2F007A1EB9 /* Build configuration list for PBXProject "CaffeineTracker" */;
			compatibilityVersion = "Xcode 14.0";
			developmentRegion = en;
			hasScannedForEncodings = 0;
			knownRegions = (
				en,
				Base,
			);
			mainGroup = 91D3CE102AE09A2F007A1EB9;
			packageReferences = (
				91D3CE2A2AE09CE5007A1EB9 /* XCRemoteSwiftPackageReference "firebase-ios-sdk" */,
			);
			productRefGroup = 91D3CE1A2AE09A2F007A1EB9 /* Products */;
			projectDirPath = "";
			projectRoot = "";
			targets = (
				91D3CE182AE09A2F007A1EB9 /* CaffeineTracker */,
			);
		};
/* End PBXProject section */

/* Begin PBXResourcesBuildPhase section */
		91D3CE172AE09A2F007A1EB9 /* Resources */ = {
			isa = PBXResourcesBuildPhase;
			buildActionMask = 2147483647;
			files = (
				911DBEF32AEF538900632D00 /* Montserrat-SemiBoldItalic.ttf in Resources */,
				911DBEF92AEF538900632D00 /* Montserrat-Black.ttf in Resources */,
				911DBEF22AEF538900632D00 /* Montserrat-BoldItalic.ttf in Resources */,
				91D3CE242AE09A30007A1EB9 /* Preview Assets.xcassets in Resources */,
				911DBEF62AEF538900632D00 /* Montserrat-BlackItalic.ttf in Resources */,
				911DBEF12AEF538900632D00 /* Montserrat-ExtraLight.ttf in Resources */,
				911DBEE92AEF538900632D00 /* Montserrat-ExtraBold.ttf in Resources */,
				911DBEEC2AEF538900632D00 /* Montserrat-Regular.ttf in Resources */,
				911DBEFA2AEF538900632D00 /* Montserrat-LightItalic.ttf in Resources */,
				91D3CE212AE09A30007A1EB9 /* Assets.xcassets in Resources */,
				91D3CE622AE09E5E007A1EB9 /* GoogleService-Info.plist in Resources */,
				911DBEF82AEF538900632D00 /* Montserrat-Medium.ttf in Resources */,
				911DBEEA2AEF538900632D00 /* Montserrat-ThinItalic.ttf in Resources */,
				911DBEF72AEF538900632D00 /* Montserrat-Thin.ttf in Resources */,
				911DBEF02AEF538900632D00 /* Montserrat-Light.ttf in Resources */,
				911DBEF42AEF538900632D00 /* Montserrat-MediumItalic.ttf in Resources */,
				911DBEEE2AEF538900632D00 /* Montserrat-Italic.ttf in Resources */,
				911DBEF52AEF538900632D00 /* Montserrat-Bold.ttf in Resources */,
				911DBEEF2AEF538900632D00 /* Montserrat-ExtraBoldItalic.ttf in Resources */,
				911DBEED2AEF538900632D00 /* Montserrat-SemiBold.ttf in Resources */,
				911DBEEB2AEF538900632D00 /* Montserrat-ExtraLightItalic.ttf in Resources */,
			);
			runOnlyForDeploymentPostprocessing = 0;
		};
/* End PBXResourcesBuildPhase section */

/* Begin PBXSourcesBuildPhase section */
		91D3CE152AE09A2F007A1EB9 /* Sources */ = {
			isa = PBXSourcesBuildPhase;
			buildActionMask = 2147483647;
			files = (
				911DBED62AEF402400632D00 /* ProfilePicker.swift in Sources */,
				91D3CE6F2AE0A609007A1EB9 /* JournalView.swift in Sources */,
				91D3CE832AE0A7CB007A1EB9 /* DrinkItem.swift in Sources */,
				91774C932AE189270078818A /* FontBlaster.swift in Sources */,
				91D3CE872AE0A817007A1EB9 /* MainViewViewModel.swift in Sources */,
				91B2C1BE2AE76DD200F4B222 /* StyledButton.swift in Sources */,
				91D3CE892AE0A824007A1EB9 /* ProfileViewViewModel.swift in Sources */,
				91D3CE752AE0A670007A1EB9 /* DrinkListView.swift in Sources */,
				91B2C1BC2AE76BC500F4B222 /* RegisterViewViewModel.swift in Sources */,
				91D3CE1F2AE09A2F007A1EB9 /* MainView.swift in Sources */,
				9103CAE72AE9740B00C0057D /* TextFieldView.swift in Sources */,
				91D3CE732AE0A657007A1EB9 /* NewJournalItemView.swift in Sources */,
				91D3CE712AE0A636007A1EB9 /* JournalItemView.swift in Sources */,
				91D3CE6B2AE0A5B2007A1EB9 /* SummaryView.swift in Sources */,
				91774C952AE18A2C0078818A /* FontHelper.swift in Sources */,
				91D3CE852AE0A7F2007A1EB9 /* JournalItem.swift in Sources */,
				91D3CE6D2AE0A5C6007A1EB9 /* CaldendarView.swift in Sources */,
				91D3CE692AE0A593007A1EB9 /* ProfileView.swift in Sources */,
				91D3CE8F2AE0A85D007A1EB9 /* DrinkListItemViewViewModel.swift in Sources */,
				91D3CE812AE0A7BA007A1EB9 /* User.swift in Sources */,
				91D3CE792AE0A6D8007A1EB9 /* LoginView.swift in Sources */,
				91D3CE932AE0A87F007A1EB9 /* CalendarViewViewModel.swift in Sources */,
				91D3CE8D2AE0A847007A1EB9 /* DrinkListViewViewModel.swift in Sources */,
				91B2C1BA2AE7663300F4B222 /* HeaderView.swift in Sources */,
				91D3CE7D2AE0A712007A1EB9 /* NewDrinkItemView.swift in Sources */,
				911DBED42AEF35A700632D00 /* ProfilePicView.swift in Sources */,
				91D3CE7B2AE0A6E8007A1EB9 /* RegisterView.swift in Sources */,
				91D3CE772AE0A691007A1EB9 /* DrinkListItemView.swift in Sources */,
				9103CAE42AE967BD00C0057D /* LoginViewViewModel.swift in Sources */,
				91D3CE1D2AE09A2F007A1EB9 /* CaffeineTrackerApp.swift in Sources */,
				91D3CE8B2AE0A830007A1EB9 /* SummaryViewViewModel.swift in Sources */,
				91D3CE912AE0A870007A1EB9 /* NewDrinkItemViewViewModel.swift in Sources */,
				91D3CE7F2AE0A73D007A1EB9 /* WelcomeView.swift in Sources */,
			);
			runOnlyForDeploymentPostprocessing = 0;
		};
/* End PBXSourcesBuildPhase section */

/* Begin XCBuildConfiguration section */
		91D3CE252AE09A30007A1EB9 /* Debug */ = {
			isa = XCBuildConfiguration;
			buildSettings = {
				ALWAYS_SEARCH_USER_PATHS = NO;
				ASSETCATALOG_COMPILER_GENERATE_SWIFT_ASSET_SYMBOL_EXTENSIONS = YES;
				CLANG_ANALYZER_NONNULL = YES;
				CLANG_ANALYZER_NUMBER_OBJECT_CONVERSION = YES_AGGRESSIVE;
				CLANG_CXX_LANGUAGE_STANDARD = "gnu++20";
				CLANG_ENABLE_MODULES = YES;
				CLANG_ENABLE_OBJC_ARC = YES;
				CLANG_ENABLE_OBJC_WEAK = YES;
				CLANG_WARN_BLOCK_CAPTURE_AUTORELEASING = YES;
				CLANG_WARN_BOOL_CONVERSION = YES;
				CLANG_WARN_COMMA = YES;
				CLANG_WARN_CONSTANT_CONVERSION = YES;
				CLANG_WARN_DEPRECATED_OBJC_IMPLEMENTATIONS = YES;
				CLANG_WARN_DIRECT_OBJC_ISA_USAGE = YES_ERROR;
				CLANG_WARN_DOCUMENTATION_COMMENTS = YES;
				CLANG_WARN_EMPTY_BODY = YES;
				CLANG_WARN_ENUM_CONVERSION = YES;
				CLANG_WARN_INFINITE_RECURSION = YES;
				CLANG_WARN_INT_CONVERSION = YES;
				CLANG_WARN_NON_LITERAL_NULL_CONVERSION = YES;
				CLANG_WARN_OBJC_IMPLICIT_RETAIN_SELF = YES;
				CLANG_WARN_OBJC_LITERAL_CONVERSION = YES;
				CLANG_WARN_OBJC_ROOT_CLASS = YES_ERROR;
				CLANG_WARN_QUOTED_INCLUDE_IN_FRAMEWORK_HEADER = YES;
				CLANG_WARN_RANGE_LOOP_ANALYSIS = YES;
				CLANG_WARN_STRICT_PROTOTYPES = YES;
				CLANG_WARN_SUSPICIOUS_MOVE = YES;
				CLANG_WARN_UNGUARDED_AVAILABILITY = YES_AGGRESSIVE;
				CLANG_WARN_UNREACHABLE_CODE = YES;
				CLANG_WARN__DUPLICATE_METHOD_MATCH = YES;
				COPY_PHASE_STRIP = NO;
				DEBUG_INFORMATION_FORMAT = dwarf;
				ENABLE_STRICT_OBJC_MSGSEND = YES;
				ENABLE_TESTABILITY = YES;
				ENABLE_USER_SCRIPT_SANDBOXING = YES;
				GCC_C_LANGUAGE_STANDARD = gnu17;
				GCC_DYNAMIC_NO_PIC = NO;
				GCC_NO_COMMON_BLOCKS = YES;
				GCC_OPTIMIZATION_LEVEL = 0;
				GCC_PREPROCESSOR_DEFINITIONS = (
					"DEBUG=1",
					"$(inherited)",
				);
				GCC_WARN_64_TO_32_BIT_CONVERSION = YES;
				GCC_WARN_ABOUT_RETURN_TYPE = YES_ERROR;
				GCC_WARN_UNDECLARED_SELECTOR = YES;
				GCC_WARN_UNINITIALIZED_AUTOS = YES_AGGRESSIVE;
				GCC_WARN_UNUSED_FUNCTION = YES;
				GCC_WARN_UNUSED_VARIABLE = YES;
				IPHONEOS_DEPLOYMENT_TARGET = 17.0;
				LOCALIZATION_PREFERS_STRING_CATALOGS = YES;
				MTL_ENABLE_DEBUG_INFO = INCLUDE_SOURCE;
				MTL_FAST_MATH = YES;
				ONLY_ACTIVE_ARCH = YES;
				SDKROOT = iphoneos;
				SWIFT_ACTIVE_COMPILATION_CONDITIONS = "DEBUG $(inherited)";
				SWIFT_OPTIMIZATION_LEVEL = "-Onone";
			};
			name = Debug;
		};
		91D3CE262AE09A30007A1EB9 /* Release */ = {
			isa = XCBuildConfiguration;
			buildSettings = {
				ALWAYS_SEARCH_USER_PATHS = NO;
				ASSETCATALOG_COMPILER_GENERATE_SWIFT_ASSET_SYMBOL_EXTENSIONS = YES;
				CLANG_ANALYZER_NONNULL = YES;
				CLANG_ANALYZER_NUMBER_OBJECT_CONVERSION = YES_AGGRESSIVE;
				CLANG_CXX_LANGUAGE_STANDARD = "gnu++20";
				CLANG_ENABLE_MODULES = YES;
				CLANG_ENABLE_OBJC_ARC = YES;
				CLANG_ENABLE_OBJC_WEAK = YES;
				CLANG_WARN_BLOCK_CAPTURE_AUTORELEASING = YES;
				CLANG_WARN_BOOL_CONVERSION = YES;
				CLANG_WARN_COMMA = YES;
				CLANG_WARN_CONSTANT_CONVERSION = YES;
				CLANG_WARN_DEPRECATED_OBJC_IMPLEMENTATIONS = YES;
				CLANG_WARN_DIRECT_OBJC_ISA_USAGE = YES_ERROR;
				CLANG_WARN_DOCUMENTATION_COMMENTS = YES;
				CLANG_WARN_EMPTY_BODY = YES;
				CLANG_WARN_ENUM_CONVERSION = YES;
				CLANG_WARN_INFINITE_RECURSION = YES;
				CLANG_WARN_INT_CONVERSION = YES;
				CLANG_WARN_NON_LITERAL_NULL_CONVERSION = YES;
				CLANG_WARN_OBJC_IMPLICIT_RETAIN_SELF = YES;
				CLANG_WARN_OBJC_LITERAL_CONVERSION = YES;
				CLANG_WARN_OBJC_ROOT_CLASS = YES_ERROR;
				CLANG_WARN_QUOTED_INCLUDE_IN_FRAMEWORK_HEADER = YES;
				CLANG_WARN_RANGE_LOOP_ANALYSIS = YES;
				CLANG_WARN_STRICT_PROTOTYPES = YES;
				CLANG_WARN_SUSPICIOUS_MOVE = YES;
				CLANG_WARN_UNGUARDED_AVAILABILITY = YES_AGGRESSIVE;
				CLANG_WARN_UNREACHABLE_CODE = YES;
				CLANG_WARN__DUPLICATE_METHOD_MATCH = YES;
				COPY_PHASE_STRIP = NO;
				DEBUG_INFORMATION_FORMAT = "dwarf-with-dsym";
				ENABLE_NS_ASSERTIONS = NO;
				ENABLE_STRICT_OBJC_MSGSEND = YES;
				ENABLE_USER_SCRIPT_SANDBOXING = YES;
				GCC_C_LANGUAGE_STANDARD = gnu17;
				GCC_NO_COMMON_BLOCKS = YES;
				GCC_WARN_64_TO_32_BIT_CONVERSION = YES;
				GCC_WARN_ABOUT_RETURN_TYPE = YES_ERROR;
				GCC_WARN_UNDECLARED_SELECTOR = YES;
				GCC_WARN_UNINITIALIZED_AUTOS = YES_AGGRESSIVE;
				GCC_WARN_UNUSED_FUNCTION = YES;
				GCC_WARN_UNUSED_VARIABLE = YES;
				IPHONEOS_DEPLOYMENT_TARGET = 17.0;
				LOCALIZATION_PREFERS_STRING_CATALOGS = YES;
				MTL_ENABLE_DEBUG_INFO = NO;
				MTL_FAST_MATH = YES;
				SDKROOT = iphoneos;
				SWIFT_COMPILATION_MODE = wholemodule;
				VALIDATE_PRODUCT = YES;
			};
			name = Release;
		};
		91D3CE282AE09A30007A1EB9 /* Debug */ = {
			isa = XCBuildConfiguration;
			buildSettings = {
				ASSETCATALOG_COMPILER_APPICON_NAME = AppIcon;
				ASSETCATALOG_COMPILER_GLOBAL_ACCENT_COLOR_NAME = AccentColor;
				CODE_SIGN_IDENTITY = "Apple Development";
				CODE_SIGN_STYLE = Manual;
				CURRENT_PROJECT_VERSION = 1;
				DEVELOPMENT_ASSET_PATHS = "\"CaffeineTracker/Preview Content\"";
				DEVELOPMENT_TEAM = "";
				ENABLE_PREVIEWS = YES;
				GENERATE_INFOPLIST_FILE = YES;
				INFOPLIST_FILE = CaffeineTracker/Info.plist;
				INFOPLIST_KEY_CFBundleDisplayName = "Daily Caffeine Tracker";
				INFOPLIST_KEY_UIApplicationSceneManifest_Generation = YES;
				INFOPLIST_KEY_UIApplicationSupportsIndirectInputEvents = YES;
				INFOPLIST_KEY_UILaunchScreen_Generation = YES;
				INFOPLIST_KEY_UISupportedInterfaceOrientations = UIInterfaceOrientationPortrait;
				LD_RUNPATH_SEARCH_PATHS = (
					"$(inherited)",
					"@executable_path/Frameworks",
				);
				MARKETING_VERSION = 1.0;
				PRODUCT_BUNDLE_IDENTIFIER = com.example.CaffeineTracker;
				PRODUCT_NAME = "$(TARGET_NAME)";
				PROVISIONING_PROFILE_SPECIFIER = "";
				SWIFT_EMIT_LOC_STRINGS = YES;
				SWIFT_VERSION = 5.0;
				TARGETED_DEVICE_FAMILY = "1,2";
			};
			name = Debug;
		};
		91D3CE292AE09A30007A1EB9 /* Release */ = {
			isa = XCBuildConfiguration;
			buildSettings = {
				ASSETCATALOG_COMPILER_APPICON_NAME = AppIcon;
				ASSETCATALOG_COMPILER_GLOBAL_ACCENT_COLOR_NAME = AccentColor;
				CODE_SIGN_STYLE = Manual;
				CURRENT_PROJECT_VERSION = 1;
				DEVELOPMENT_ASSET_PATHS = "\"CaffeineTracker/Preview Content\"";
				DEVELOPMENT_TEAM = "";
				ENABLE_PREVIEWS = YES;
				GENERATE_INFOPLIST_FILE = YES;
				INFOPLIST_FILE = CaffeineTracker/Info.plist;
				INFOPLIST_KEY_CFBundleDisplayName = "Daily Caffeine Tracker";
				INFOPLIST_KEY_UIApplicationSceneManifest_Generation = YES;
				INFOPLIST_KEY_UIApplicationSupportsIndirectInputEvents = YES;
				INFOPLIST_KEY_UILaunchScreen_Generation = YES;
				INFOPLIST_KEY_UISupportedInterfaceOrientations = UIInterfaceOrientationPortrait;
				LD_RUNPATH_SEARCH_PATHS = (
					"$(inherited)",
					"@executable_path/Frameworks",
				);
				MARKETING_VERSION = 1.0;
				PRODUCT_BUNDLE_IDENTIFIER = com.example.CaffeineTracker;
				PRODUCT_NAME = "$(TARGET_NAME)";
				PROVISIONING_PROFILE_SPECIFIER = "";
				SWIFT_EMIT_LOC_STRINGS = YES;
				SWIFT_VERSION = 5.0;
				TARGETED_DEVICE_FAMILY = "1,2";
			};
			name = Release;
		};
/* End XCBuildConfiguration section */

/* Begin XCConfigurationList section */
		91D3CE142AE09A2F007A1EB9 /* Build configuration list for PBXProject "CaffeineTracker" */ = {
			isa = XCConfigurationList;
			buildConfigurations = (
				91D3CE252AE09A30007A1EB9 /* Debug */,
				91D3CE262AE09A30007A1EB9 /* Release */,
			);
			defaultConfigurationIsVisible = 0;
			defaultConfigurationName = Release;
		};
		91D3CE272AE09A30007A1EB9 /* Build configuration list for PBXNativeTarget "CaffeineTracker" */ = {
			isa = XCConfigurationList;
			buildConfigurations = (
				91D3CE282AE09A30007A1EB9 /* Debug */,
				91D3CE292AE09A30007A1EB9 /* Release */,
			);
			defaultConfigurationIsVisible = 0;
			defaultConfigurationName = Release;
		};
/* End XCConfigurationList section */

/* Begin XCRemoteSwiftPackageReference section */
		91D3CE2A2AE09CE5007A1EB9 /* XCRemoteSwiftPackageReference "firebase-ios-sdk" */ = {
			isa = XCRemoteSwiftPackageReference;
			repositoryURL = "https://github.com/firebase/firebase-ios-sdk";
			requirement = {
				kind = upToNextMajorVersion;
				minimumVersion = 10.16.0;
			};
		};
/* End XCRemoteSwiftPackageReference section */

/* Begin XCSwiftPackageProductDependency section */
		91D3CE2B2AE09CE5007A1EB9 /* FirebaseAnalytics */ = {
			isa = XCSwiftPackageProductDependency;
			package = 91D3CE2A2AE09CE5007A1EB9 /* XCRemoteSwiftPackageReference "firebase-ios-sdk" */;
			productName = FirebaseAnalytics;
		};
		91D3CE2D2AE09CE5007A1EB9 /* FirebaseAnalyticsOnDeviceConversion */ = {
			isa = XCSwiftPackageProductDependency;
			package = 91D3CE2A2AE09CE5007A1EB9 /* XCRemoteSwiftPackageReference "firebase-ios-sdk" */;
			productName = FirebaseAnalyticsOnDeviceConversion;
		};
		91D3CE2F2AE09CE5007A1EB9 /* FirebaseAnalyticsSwift */ = {
			isa = XCSwiftPackageProductDependency;
			package = 91D3CE2A2AE09CE5007A1EB9 /* XCRemoteSwiftPackageReference "firebase-ios-sdk" */;
			productName = FirebaseAnalyticsSwift;
		};
		91D3CE312AE09CE5007A1EB9 /* FirebaseAnalyticsWithoutAdIdSupport */ = {
			isa = XCSwiftPackageProductDependency;
			package = 91D3CE2A2AE09CE5007A1EB9 /* XCRemoteSwiftPackageReference "firebase-ios-sdk" */;
			productName = FirebaseAnalyticsWithoutAdIdSupport;
		};
		91D3CE332AE09CE5007A1EB9 /* FirebaseAppCheck */ = {
			isa = XCSwiftPackageProductDependency;
			package = 91D3CE2A2AE09CE5007A1EB9 /* XCRemoteSwiftPackageReference "firebase-ios-sdk" */;
			productName = FirebaseAppCheck;
		};
		91D3CE352AE09CE5007A1EB9 /* FirebaseAppDistribution-Beta */ = {
			isa = XCSwiftPackageProductDependency;
			package = 91D3CE2A2AE09CE5007A1EB9 /* XCRemoteSwiftPackageReference "firebase-ios-sdk" */;
			productName = "FirebaseAppDistribution-Beta";
		};
		91D3CE372AE09CE5007A1EB9 /* FirebaseAuth */ = {
			isa = XCSwiftPackageProductDependency;
			package = 91D3CE2A2AE09CE5007A1EB9 /* XCRemoteSwiftPackageReference "firebase-ios-sdk" */;
			productName = FirebaseAuth;
		};
		91D3CE392AE09CE5007A1EB9 /* FirebaseAuthCombine-Community */ = {
			isa = XCSwiftPackageProductDependency;
			package = 91D3CE2A2AE09CE5007A1EB9 /* XCRemoteSwiftPackageReference "firebase-ios-sdk" */;
			productName = "FirebaseAuthCombine-Community";
		};
		91D3CE3B2AE09CE5007A1EB9 /* FirebaseCrashlytics */ = {
			isa = XCSwiftPackageProductDependency;
			package = 91D3CE2A2AE09CE5007A1EB9 /* XCRemoteSwiftPackageReference "firebase-ios-sdk" */;
			productName = FirebaseCrashlytics;
		};
		91D3CE3D2AE09CE5007A1EB9 /* FirebaseDatabase */ = {
			isa = XCSwiftPackageProductDependency;
			package = 91D3CE2A2AE09CE5007A1EB9 /* XCRemoteSwiftPackageReference "firebase-ios-sdk" */;
			productName = FirebaseDatabase;
		};
		91D3CE3F2AE09CE5007A1EB9 /* FirebaseDatabaseSwift */ = {
			isa = XCSwiftPackageProductDependency;
			package = 91D3CE2A2AE09CE5007A1EB9 /* XCRemoteSwiftPackageReference "firebase-ios-sdk" */;
			productName = FirebaseDatabaseSwift;
		};
		91D3CE412AE09CE5007A1EB9 /* FirebaseDynamicLinks */ = {
			isa = XCSwiftPackageProductDependency;
			package = 91D3CE2A2AE09CE5007A1EB9 /* XCRemoteSwiftPackageReference "firebase-ios-sdk" */;
			productName = FirebaseDynamicLinks;
		};
		91D3CE432AE09CE5007A1EB9 /* FirebaseFirestore */ = {
			isa = XCSwiftPackageProductDependency;
			package = 91D3CE2A2AE09CE5007A1EB9 /* XCRemoteSwiftPackageReference "firebase-ios-sdk" */;
			productName = FirebaseFirestore;
		};
		91D3CE452AE09CE5007A1EB9 /* FirebaseFirestoreCombine-Community */ = {
			isa = XCSwiftPackageProductDependency;
			package = 91D3CE2A2AE09CE5007A1EB9 /* XCRemoteSwiftPackageReference "firebase-ios-sdk" */;
			productName = "FirebaseFirestoreCombine-Community";
		};
		91D3CE472AE09CE5007A1EB9 /* FirebaseFirestoreSwift */ = {
			isa = XCSwiftPackageProductDependency;
			package = 91D3CE2A2AE09CE5007A1EB9 /* XCRemoteSwiftPackageReference "firebase-ios-sdk" */;
			productName = FirebaseFirestoreSwift;
		};
		91D3CE492AE09CE5007A1EB9 /* FirebaseFunctions */ = {
			isa = XCSwiftPackageProductDependency;
			package = 91D3CE2A2AE09CE5007A1EB9 /* XCRemoteSwiftPackageReference "firebase-ios-sdk" */;
			productName = FirebaseFunctions;
		};
		91D3CE4B2AE09CE5007A1EB9 /* FirebaseFunctionsCombine-Community */ = {
			isa = XCSwiftPackageProductDependency;
			package = 91D3CE2A2AE09CE5007A1EB9 /* XCRemoteSwiftPackageReference "firebase-ios-sdk" */;
			productName = "FirebaseFunctionsCombine-Community";
		};
		91D3CE4D2AE09CE5007A1EB9 /* FirebaseInAppMessaging-Beta */ = {
			isa = XCSwiftPackageProductDependency;
			package = 91D3CE2A2AE09CE5007A1EB9 /* XCRemoteSwiftPackageReference "firebase-ios-sdk" */;
			productName = "FirebaseInAppMessaging-Beta";
		};
		91D3CE4F2AE09CE5007A1EB9 /* FirebaseInAppMessagingSwift-Beta */ = {
			isa = XCSwiftPackageProductDependency;
			package = 91D3CE2A2AE09CE5007A1EB9 /* XCRemoteSwiftPackageReference "firebase-ios-sdk" */;
			productName = "FirebaseInAppMessagingSwift-Beta";
		};
		91D3CE512AE09CE5007A1EB9 /* FirebaseInstallations */ = {
			isa = XCSwiftPackageProductDependency;
			package = 91D3CE2A2AE09CE5007A1EB9 /* XCRemoteSwiftPackageReference "firebase-ios-sdk" */;
			productName = FirebaseInstallations;
		};
		91D3CE532AE09CE5007A1EB9 /* FirebaseMLModelDownloader */ = {
			isa = XCSwiftPackageProductDependency;
			package = 91D3CE2A2AE09CE5007A1EB9 /* XCRemoteSwiftPackageReference "firebase-ios-sdk" */;
			productName = FirebaseMLModelDownloader;
		};
		91D3CE552AE09CE5007A1EB9 /* FirebaseMessaging */ = {
			isa = XCSwiftPackageProductDependency;
			package = 91D3CE2A2AE09CE5007A1EB9 /* XCRemoteSwiftPackageReference "firebase-ios-sdk" */;
			productName = FirebaseMessaging;
		};
		91D3CE572AE09CE5007A1EB9 /* FirebasePerformance */ = {
			isa = XCSwiftPackageProductDependency;
			package = 91D3CE2A2AE09CE5007A1EB9 /* XCRemoteSwiftPackageReference "firebase-ios-sdk" */;
			productName = FirebasePerformance;
		};
		91D3CE592AE09CE5007A1EB9 /* FirebaseRemoteConfig */ = {
			isa = XCSwiftPackageProductDependency;
			package = 91D3CE2A2AE09CE5007A1EB9 /* XCRemoteSwiftPackageReference "firebase-ios-sdk" */;
			productName = FirebaseRemoteConfig;
		};
		91D3CE5B2AE09CE5007A1EB9 /* FirebaseRemoteConfigSwift */ = {
			isa = XCSwiftPackageProductDependency;
			package = 91D3CE2A2AE09CE5007A1EB9 /* XCRemoteSwiftPackageReference "firebase-ios-sdk" */;
			productName = FirebaseRemoteConfigSwift;
		};
		91D3CE5D2AE09CE5007A1EB9 /* FirebaseStorage */ = {
			isa = XCSwiftPackageProductDependency;
			package = 91D3CE2A2AE09CE5007A1EB9 /* XCRemoteSwiftPackageReference "firebase-ios-sdk" */;
			productName = FirebaseStorage;
		};
		91D3CE5F2AE09CE5007A1EB9 /* FirebaseStorageCombine-Community */ = {
			isa = XCSwiftPackageProductDependency;
			package = 91D3CE2A2AE09CE5007A1EB9 /* XCRemoteSwiftPackageReference "firebase-ios-sdk" */;
			productName = "FirebaseStorageCombine-Community";
		};
/* End XCSwiftPackageProductDependency section */
	};
	rootObject = 91D3CE112AE09A2F007A1EB9 /* Project object */;
}
